
Microsoft Visual Studio Solution File, Format Version 12.00
# Visual Studio Version 17
VisualStudioVersion = 17.5.33530.505
MinimumVisualStudioVersion = 10.0.40219.1
Project("{FAE04EC0-301F-11D3-BF4B-00C04F79EFBC}") = "HttpCalls", "HttpCalls\HttpCalls.csproj", "{8D3FCF23-BEAF-467A-B8DF-271D298EEB10}"
EndProject
Global
	GlobalSection(SolutionConfigurationPlatforms) = preSolution
		Debug|Any CPU = Debug|Any CPU
		Release|Any CPU = Release|Any CPU
	EndGlobalSection
	GlobalSection(ProjectConfigurationPlatforms) = postSolution
		{8D3FCF23-BEAF-467A-B8DF-271D298EEB10}.Debug|Any CPU.ActiveCfg = Debug|Any CPU
		{8D3FCF23-BEAF-467A-B8DF-271D298EEB10}.Debug|Any CPU.Build.0 = Debug|Any CPU
		{8D3FCF23-BEAF-467A-B8DF-271D298EEB10}.Release|Any CPU.ActiveCfg = Release|Any CPU
		{8D3FCF23-BEAF-467A-B8DF-271D298EEB10}.Release|Any CPU.Build.0 = Release|Any CPU
	EndGlobalSection
	GlobalSection(SolutionProperties) = preSolution
		HideSolutionNode = FALSE
	EndGlobalSection
	GlobalSection(ExtensibilityGlobals) = postSolution
		SolutionGuid = {5B14709B-1F16-452F-B010-669B33E6996A}
	EndGlobalSection
EndGlobal
